
Microsoft Visual Studio Solution File, Format Version 12.00
# Visual Studio Version 16
VisualStudioVersion = 16.0.30001.183
MinimumVisualStudioVersion = 10.0.40219.1
Project("{2150E333-8FDC-42A3-9474-1A3956D46DE8}") = "src", "src", "{F862C8A9-5EB6-4095-BD75-1AA141E1EE23}"
EndProject
Project("{9A19103F-16F7-4668-BE54-9A1E7A4F7556}") = "Alexandria.Parser", "Alexandria.Parser\Alexandria.Parser.csproj", "{3E78C1E8-9394-4A2E-B512-1DE3A5335A87}"
EndProject
Project("{9A19103F-16F7-4668-BE54-9A1E7A4F7556}") = "Alexandria.ConsoleTest", "Alexandria.ConsoleTest\Alexandria.ConsoleTest.csproj", "{5610FD5E-BB63-445F-AC7D-2135ECE02386}"
EndProject
Project("{FAE04EC0-301F-11D3-BF4B-00C04F79EFBC}") = "Alexandria.Reader", "Alexandria.Reader\Alexandria.Reader.csproj", "{4680910A-0945-47DC-B759-9FE0CC890E29}"
EndProject
Global
	GlobalSection(SolutionConfigurationPlatforms) = preSolution
		Debug|Any CPU = Debug|Any CPU
		Debug|ARM = Debug|ARM
		Debug|ARM64 = Debug|ARM64
		Debug|x64 = Debug|x64
		Debug|x86 = Debug|x86
		Release|Any CPU = Release|Any CPU
		Release|ARM = Release|ARM
		Release|ARM64 = Release|ARM64
		Release|x64 = Release|x64
		Release|x86 = Release|x86
	EndGlobalSection
	GlobalSection(ProjectConfigurationPlatforms) = postSolution
		{3E78C1E8-9394-4A2E-B512-1DE3A5335A87}.Debug|Any CPU.ActiveCfg = Debug|Any CPU
		{3E78C1E8-9394-4A2E-B512-1DE3A5335A87}.Debug|Any CPU.Build.0 = Debug|Any CPU
		{3E78C1E8-9394-4A2E-B512-1DE3A5335A87}.Debug|ARM.ActiveCfg = Debug|Any CPU
		{3E78C1E8-9394-4A2E-B512-1DE3A5335A87}.Debug|ARM.Build.0 = Debug|Any CPU
		{3E78C1E8-9394-4A2E-B512-1DE3A5335A87}.Debug|ARM64.ActiveCfg = Debug|Any CPU
		{3E78C1E8-9394-4A2E-B512-1DE3A5335A87}.Debug|ARM64.Build.0 = Debug|Any CPU
		{3E78C1E8-9394-4A2E-B512-1DE3A5335A87}.Debug|x64.ActiveCfg = Debug|Any CPU
		{3E78C1E8-9394-4A2E-B512-1DE3A5335A87}.Debug|x64.Build.0 = Debug|Any CPU
		{3E78C1E8-9394-4A2E-B512-1DE3A5335A87}.Debug|x86.ActiveCfg = Debug|Any CPU
		{3E78C1E8-9394-4A2E-B512-1DE3A5335A87}.Debug|x86.Build.0 = Debug|Any CPU
		{3E78C1E8-9394-4A2E-B512-1DE3A5335A87}.Release|Any CPU.ActiveCfg = Release|Any CPU
		{3E78C1E8-9394-4A2E-B512-1DE3A5335A87}.Release|Any CPU.Build.0 = Release|Any CPU
		{3E78C1E8-9394-4A2E-B512-1DE3A5335A87}.Release|ARM.ActiveCfg = Release|Any CPU
		{3E78C1E8-9394-4A2E-B512-1DE3A5335A87}.Release|ARM.Build.0 = Release|Any CPU
		{3E78C1E8-9394-4A2E-B512-1DE3A5335A87}.Release|ARM64.ActiveCfg = Release|Any CPU
		{3E78C1E8-9394-4A2E-B512-1DE3A5335A87}.Release|ARM64.Build.0 = Release|Any CPU
		{3E78C1E8-9394-4A2E-B512-1DE3A5335A87}.Release|x64.ActiveCfg = Release|Any CPU
		{3E78C1E8-9394-4A2E-B512-1DE3A5335A87}.Release|x64.Build.0 = Release|Any CPU
		{3E78C1E8-9394-4A2E-B512-1DE3A5335A87}.Release|x86.ActiveCfg = Release|Any CPU
		{3E78C1E8-9394-4A2E-B512-1DE3A5335A87}.Release|x86.Build.0 = Release|Any CPU
		{5610FD5E-BB63-445F-AC7D-2135ECE02386}.Debug|Any CPU.ActiveCfg = Debug|Any CPU
		{5610FD5E-BB63-445F-AC7D-2135ECE02386}.Debug|Any CPU.Build.0 = Debug|Any CPU
		{5610FD5E-BB63-445F-AC7D-2135ECE02386}.Debug|ARM.ActiveCfg = Debug|Any CPU
		{5610FD5E-BB63-445F-AC7D-2135ECE02386}.Debug|ARM.Build.0 = Debug|Any CPU
		{5610FD5E-BB63-445F-AC7D-2135ECE02386}.Debug|ARM64.ActiveCfg = Debug|Any CPU
		{5610FD5E-BB63-445F-AC7D-2135ECE02386}.Debug|ARM64.Build.0 = Debug|Any CPU
		{5610FD5E-BB63-445F-AC7D-2135ECE02386}.Debug|x64.ActiveCfg = Debug|Any CPU
		{5610FD5E-BB63-445F-AC7D-2135ECE02386}.Debug|x64.Build.0 = Debug|Any CPU
		{5610FD5E-BB63-445F-AC7D-2135ECE02386}.Debug|x86.ActiveCfg = Debug|Any CPU
		{5610FD5E-BB63-445F-AC7D-2135ECE02386}.Debug|x86.Build.0 = Debug|Any CPU
		{5610FD5E-BB63-445F-AC7D-2135ECE02386}.Release|Any CPU.ActiveCfg = Release|Any CPU
		{5610FD5E-BB63-445F-AC7D-2135ECE02386}.Release|Any CPU.Build.0 = Release|Any CPU
		{5610FD5E-BB63-445F-AC7D-2135ECE02386}.Release|ARM.ActiveCfg = Release|Any CPU
		{5610FD5E-BB63-445F-AC7D-2135ECE02386}.Release|ARM.Build.0 = Release|Any CPU
		{5610FD5E-BB63-445F-AC7D-2135ECE02386}.Release|ARM64.ActiveCfg = Release|Any CPU
		{5610FD5E-BB63-445F-AC7D-2135ECE02386}.Release|ARM64.Build.0 = Release|Any CPU
		{5610FD5E-BB63-445F-AC7D-2135ECE02386}.Release|x64.ActiveCfg = Release|Any CPU
		{5610FD5E-BB63-445F-AC7D-2135ECE02386}.Release|x64.Build.0 = Release|Any CPU
		{5610FD5E-BB63-445F-AC7D-2135ECE02386}.Release|x86.ActiveCfg = Release|Any CPU
		{5610FD5E-BB63-445F-AC7D-2135ECE02386}.Release|x86.Build.0 = Release|Any CPU
		{4680910A-0945-47DC-B759-9FE0CC890E29}.Debug|Any CPU.ActiveCfg = Debug|x86
		{4680910A-0945-47DC-B759-9FE0CC890E29}.Debug|Any CPU.Build.0 = Debug|x86
		{4680910A-0945-47DC-B759-9FE0CC890E29}.Debug|Any CPU.Deploy.0 = Debug|x86
		{4680910A-0945-47DC-B759-9FE0CC890E29}.Debug|ARM.ActiveCfg = Debug|ARM
		{4680910A-0945-47DC-B759-9FE0CC890E29}.Debug|ARM.Build.0 = Debug|ARM
		{4680910A-0945-47DC-B759-9FE0CC890E29}.Debug|ARM.Deploy.0 = Debug|ARM
		{4680910A-0945-47DC-B759-9FE0CC890E29}.Debug|ARM64.ActiveCfg = Debug|ARM64
		{4680910A-0945-47DC-B759-9FE0CC890E29}.Debug|ARM64.Build.0 = Debug|ARM64
		{4680910A-0945-47DC-B759-9FE0CC890E29}.Debug|ARM64.Deploy.0 = Debug|ARM64
		{4680910A-0945-47DC-B759-9FE0CC890E29}.Debug|x64.ActiveCfg = Debug|x64
		{4680910A-0945-47DC-B759-9FE0CC890E29}.Debug|x64.Build.0 = Debug|x64
		{4680910A-0945-47DC-B759-9FE0CC890E29}.Debug|x64.Deploy.0 = Debug|x64
		{4680910A-0945-47DC-B759-9FE0CC890E29}.Debug|x86.ActiveCfg = Debug|x86
		{4680910A-0945-47DC-B759-9FE0CC890E29}.Debug|x86.Build.0 = Debug|x86
		{4680910A-0945-47DC-B759-9FE0CC890E29}.Debug|x86.Deploy.0 = Debug|x86
		{4680910A-0945-47DC-B759-9FE0CC890E29}.Release|Any CPU.ActiveCfg = Release|x86
		{4680910A-0945-47DC-B759-9FE0CC890E29}.Release|ARM.ActiveCfg = Release|ARM
		{4680910A-0945-47DC-B759-9FE0CC890E29}.Release|ARM.Build.0 = Release|ARM
		{4680910A-0945-47DC-B759-9FE0CC890E29}.Release|ARM.Deploy.0 = Release|ARM
		{4680910A-0945-47DC-B759-9FE0CC890E29}.Release|ARM64.ActiveCfg = Release|ARM64
		{4680910A-0945-47DC-B759-9FE0CC890E29}.Release|ARM64.Build.0 = Release|ARM64
		{4680910A-0945-47DC-B759-9FE0CC890E29}.Release|ARM64.Deploy.0 = Release|ARM64
		{4680910A-0945-47DC-B759-9FE0CC890E29}.Release|x64.ActiveCfg = Release|x64
		{4680910A-0945-47DC-B759-9FE0CC890E29}.Release|x64.Build.0 = Release|x64
		{4680910A-0945-47DC-B759-9FE0CC890E29}.Release|x64.Deploy.0 = Release|x64
		{4680910A-0945-47DC-B759-9FE0CC890E29}.Release|x86.ActiveCfg = Release|x86
		{4680910A-0945-47DC-B759-9FE0CC890E29}.Release|x86.Build.0 = Release|x86
		{4680910A-0945-47DC-B759-9FE0CC890E29}.Release|x86.Deploy.0 = Release|x86
	EndGlobalSection
	GlobalSection(SolutionProperties) = preSolution
		HideSolutionNode = FALSE
	EndGlobalSection
	GlobalSection(NestedProjects) = preSolution
		{3E78C1E8-9394-4A2E-B512-1DE3A5335A87} = {F862C8A9-5EB6-4095-BD75-1AA141E1EE23}
		{5610FD5E-BB63-445F-AC7D-2135ECE02386} = {F862C8A9-5EB6-4095-BD75-1AA141E1EE23}
		{4680910A-0945-47DC-B759-9FE0CC890E29} = {F862C8A9-5EB6-4095-BD75-1AA141E1EE23}
	EndGlobalSection
	GlobalSection(ExtensibilityGlobals) = postSolution
		SolutionGuid = {A19CEFDB-1C1E-4095-A5F7-5A1B228174AB}
	EndGlobalSection
EndGlobal
