
Microsoft Visual Studio Solution File, Format Version 12.00
# Visual Studio Version 16
VisualStudioVersion = 16.0.30001.183
MinimumVisualStudioVersion = 10.0.40219.1
Project("{2150E333-8FDC-42A3-9474-1A3956D46DE8}") = "src", "src", "{F862C8A9-5EB6-4095-BD75-1AA141E1EE23}"
EndProject
Project("{FAE04EC0-301F-11D3-BF4B-00C04F79EFBC}") = "Alexandria.Parser", "Alexandria.Parser\Alexandria.Parser.csproj", "{3E78C1E8-9394-4A2E-B512-1DE3A5335A87}"
EndProject
Project("{FAE04EC0-301F-11D3-BF4B-00C04F79EFBC}") = "Alexandria.ConsoleTest", "Alexandria.ConsoleTest\Alexandria.ConsoleTest.csproj", "{5610FD5E-BB63-445F-AC7D-2135ECE02386}"
EndProject
Global
	GlobalSection(SolutionConfigurationPlatforms) = preSolution
		Debug|Any CPU = Debug|Any CPU
		Release|Any CPU = Release|Any CPU
	EndGlobalSection
	GlobalSection(ProjectConfigurationPlatforms) = postSolution
		{3E78C1E8-9394-4A2E-B512-1DE3A5335A87}.Debug|Any CPU.ActiveCfg = Debug|Any CPU
		{3E78C1E8-9394-4A2E-B512-1DE3A5335A87}.Debug|Any CPU.Build.0 = Debug|Any CPU
		{3E78C1E8-9394-4A2E-B512-1DE3A5335A87}.Release|Any CPU.ActiveCfg = Release|Any CPU
		{3E78C1E8-9394-4A2E-B512-1DE3A5335A87}.Release|Any CPU.Build.0 = Release|Any CPU
		{5610FD5E-BB63-445F-AC7D-2135ECE02386}.Debug|Any CPU.ActiveCfg = Debug|Any CPU
		{5610FD5E-BB63-445F-AC7D-2135ECE02386}.Debug|Any CPU.Build.0 = Debug|Any CPU
		{5610FD5E-BB63-445F-AC7D-2135ECE02386}.Release|Any CPU.ActiveCfg = Release|Any CPU
		{5610FD5E-BB63-445F-AC7D-2135ECE02386}.Release|Any CPU.Build.0 = Release|Any CPU
	EndGlobalSection
	GlobalSection(SolutionProperties) = preSolution
		HideSolutionNode = FALSE
	EndGlobalSection
	GlobalSection(NestedProjects) = preSolution
		{3E78C1E8-9394-4A2E-B512-1DE3A5335A87} = {F862C8A9-5EB6-4095-BD75-1AA141E1EE23}
		{5610FD5E-BB63-445F-AC7D-2135ECE02386} = {F862C8A9-5EB6-4095-BD75-1AA141E1EE23}
	EndGlobalSection
	GlobalSection(ExtensibilityGlobals) = postSolution
		SolutionGuid = {A19CEFDB-1C1E-4095-A5F7-5A1B228174AB}
	EndGlobalSection
EndGlobal
